
Microsoft Visual Studio Solution File, Format Version 12.00
# Visual Studio Version 17
VisualStudioVersion = 17.6.33815.320
MinimumVisualStudioVersion = 10.0.40219.1
Project("{FAE04EC0-301F-11D3-BF4B-00C04F79EFBC}") = "LinearSearch_Algorithm", "LinearSearch_Algorithm\LinearSearch_Algorithm.csproj", "{92328891-700D-4825-B9FF-943F01467B60}"
EndProject
Global
	GlobalSection(SolutionConfigurationPlatforms) = preSolution
		Debug|Any CPU = Debug|Any CPU
		Release|Any CPU = Release|Any CPU
	EndGlobalSection
	GlobalSection(ProjectConfigurationPlatforms) = postSolution
		{92328891-700D-4825-B9FF-943F01467B60}.Debug|Any CPU.ActiveCfg = Debug|Any CPU
		{92328891-700D-4825-B9FF-943F01467B60}.Debug|Any CPU.Build.0 = Debug|Any CPU
		{92328891-700D-4825-B9FF-943F01467B60}.Release|Any CPU.ActiveCfg = Release|Any CPU
		{92328891-700D-4825-B9FF-943F01467B60}.Release|Any CPU.Build.0 = Release|Any CPU
	EndGlobalSection
	GlobalSection(SolutionProperties) = preSolution
		HideSolutionNode = FALSE
	EndGlobalSection
	GlobalSection(ExtensibilityGlobals) = postSolution
		SolutionGuid = {6D2E46D9-B407-4D91-BA5B-60C10E5E2DFA}
	EndGlobalSection
EndGlobal
